// !$*UTF8*$!
{
	archiveVersion = 1;
	classes = {
	};
	objectVersion = 77;
	objects = {

/* Begin PBXBuildFile section */
		AF073AC32DF71A920077DB7B /* SwiftUIIntrospect in Frameworks */ = {isa = PBXBuildFile; productRef = AF073AC22DF71A920077DB7B /* SwiftUIIntrospect */; };
		AF073AC52DF71A920077DB7B /* SwiftUIIntrospect-Dynamic in Frameworks */ = {isa = PBXBuildFile; productRef = AF073AC42DF71A920077DB7B /* SwiftUIIntrospect-Dynamic */; };
		AF073AC72DF71A920077DB7B /* SwiftUIIntrospect-Static in Frameworks */ = {isa = PBXBuildFile; productRef = AF073AC62DF71A920077DB7B /* SwiftUIIntrospect-Static */; };
		AF073ACA2DF71A9A0077DB7B /* EnvironmentOverrides in Frameworks */ = {isa = PBXBuildFile; productRef = AF073AC92DF71A9A0077DB7B /* EnvironmentOverrides */; };
		B17920C653A6A4132EBEF886 /* Pods_ProjectStructure.framework in Frameworks */ = {isa = PBXBuildFile; fileRef = 726C9C8EB14646C52B1B23EF /* Pods_ProjectStructure.framework */; };
/* End PBXBuildFile section */

/* Begin PBXFileReference section */
		726C9C8EB14646C52B1B23EF /* Pods_ProjectStructure.framework */ = {isa = PBXFileReference; explicitFileType = wrapper.framework; includeInIndex = 0; path = Pods_ProjectStructure.framework; sourceTree = BUILT_PRODUCTS_DIR; };
		8097CECD2DA0111DA076188D /* Pods-ProjectStructure.release.xcconfig */ = {isa = PBXFileReference; includeInIndex = 1; lastKnownFileType = text.xcconfig; name = "Pods-ProjectStructure.release.xcconfig"; path = "Target Support Files/Pods-ProjectStructure/Pods-ProjectStructure.release.xcconfig"; sourceTree = "<group>"; };
		94A325124AF7C15D4CB1CDF5 /* Pods-ProjectStructure.dev.xcconfig */ = {isa = PBXFileReference; includeInIndex = 1; lastKnownFileType = text.xcconfig; name = "Pods-ProjectStructure.dev.xcconfig"; path = "Target Support Files/Pods-ProjectStructure/Pods-ProjectStructure.dev.xcconfig"; sourceTree = "<group>"; };
		AFB7AB192CEB790D007C8CD4 /* ProjectStructure.app */ = {isa = PBXFileReference; explicitFileType = wrapper.application; includeInIndex = 0; path = ProjectStructure.app; sourceTree = BUILT_PRODUCTS_DIR; };
		BACE6BA0329E5112A3875758 /* Pods-ProjectStructure.debug.xcconfig */ = {isa = PBXFileReference; includeInIndex = 1; lastKnownFileType = text.xcconfig; name = "Pods-ProjectStructure.debug.xcconfig"; path = "Target Support Files/Pods-ProjectStructure/Pods-ProjectStructure.debug.xcconfig"; sourceTree = "<group>"; };
		E395EE0C42E413A7C0811433 /* Pods-ProjectStructure.staging.xcconfig */ = {isa = PBXFileReference; includeInIndex = 1; lastKnownFileType = text.xcconfig; name = "Pods-ProjectStructure.staging.xcconfig"; path = "Target Support Files/Pods-ProjectStructure/Pods-ProjectStructure.staging.xcconfig"; sourceTree = "<group>"; };
/* End PBXFileReference section */

/* Begin PBXFileSystemSynchronizedBuildFileExceptionSet section */
		AFCA52C12CEE1C7000212B4E /* Exceptions for "ProjectStructure" folder in "ProjectStructure" target */ = {
			isa = PBXFileSystemSynchronizedBuildFileExceptionSet;
			membershipExceptions = (
				Resources/Info.plist,
			);
			target = AFB7AB182CEB790D007C8CD4 /* ProjectStructure */;
		};
/* End PBXFileSystemSynchronizedBuildFileExceptionSet section */

/* Begin PBXFileSystemSynchronizedRootGroup section */
		AFB7AB1B2CEB790D007C8CD4 /* ProjectStructure */ = {
			isa = PBXFileSystemSynchronizedRootGroup;
			exceptions = (
				AFCA52C12CEE1C7000212B4E /* Exceptions for "ProjectStructure" folder in "ProjectStructure" target */,
			);
			path = ProjectStructure;
			sourceTree = "<group>";
		};
/* End PBXFileSystemSynchronizedRootGroup section */

/* Begin PBXFrameworksBuildPhase section */
		AFB7AB162CEB790D007C8CD4 /* Frameworks */ = {
			isa = PBXFrameworksBuildPhase;
			buildActionMask = 2147483647;
			files = (
				B17920C653A6A4132EBEF886 /* Pods_ProjectStructure.framework in Frameworks */,
				AF073AC32DF71A920077DB7B /* SwiftUIIntrospect in Frameworks */,
				AF073AC52DF71A920077DB7B /* SwiftUIIntrospect-Dynamic in Frameworks */,
				AF073ACA2DF71A9A0077DB7B /* EnvironmentOverrides in Frameworks */,
				AF073AC72DF71A920077DB7B /* SwiftUIIntrospect-Static in Frameworks */,
			);
			runOnlyForDeploymentPostprocessing = 0;
		};
/* End PBXFrameworksBuildPhase section */

/* Begin PBXGroup section */
		6F885531A0D9FFF4172DC046 /* Frameworks */ = {
			isa = PBXGroup;
			children = (
				726C9C8EB14646C52B1B23EF /* Pods_ProjectStructure.framework */,
			);
			name = Frameworks;
			sourceTree = "<group>";
		};
		AFB7AB102CEB790D007C8CD4 = {
			isa = PBXGroup;
			children = (
				AFB7AB1B2CEB790D007C8CD4 /* ProjectStructure */,
				AFB7AB1A2CEB790D007C8CD4 /* Products */,
				B45E515686952EF0E12AA2DB /* Pods */,
				6F885531A0D9FFF4172DC046 /* Frameworks */,
			);
			sourceTree = "<group>";
		};
		AFB7AB1A2CEB790D007C8CD4 /* Products */ = {
			isa = PBXGroup;
			children = (
				AFB7AB192CEB790D007C8CD4 /* ProjectStructure.app */,
			);
			name = Products;
			sourceTree = "<group>";
		};
		B45E515686952EF0E12AA2DB /* Pods */ = {
			isa = PBXGroup;
			children = (
				BACE6BA0329E5112A3875758 /* Pods-ProjectStructure.debug.xcconfig */,
				8097CECD2DA0111DA076188D /* Pods-ProjectStructure.release.xcconfig */,
				94A325124AF7C15D4CB1CDF5 /* Pods-ProjectStructure.dev.xcconfig */,
				E395EE0C42E413A7C0811433 /* Pods-ProjectStructure.staging.xcconfig */,
			);
			path = Pods;
			sourceTree = "<group>";
		};
/* End PBXGroup section */

/* Begin PBXNativeTarget section */
		AFB7AB182CEB790D007C8CD4 /* ProjectStructure */ = {
			isa = PBXNativeTarget;
			buildConfigurationList = AFB7AB272CEB790E007C8CD4 /* Build configuration list for PBXNativeTarget "ProjectStructure" */;
			buildPhases = (
				F1340CCA422C5BE1016C3D16 /* [CP] Check Pods Manifest.lock */,
				AFB7AB152CEB790D007C8CD4 /* Sources */,
				AFB7AB162CEB790D007C8CD4 /* Frameworks */,
				AFB7AB172CEB790D007C8CD4 /* Resources */,
				AF2ECFAD2D809A520025B167 /* SwiftLint */,
				CC25B5ACE2F03D609714D23E /* [CP] Embed Pods Frameworks */,
			);
			buildRules = (
			);
			dependencies = (
			);
			fileSystemSynchronizedGroups = (
				AFB7AB1B2CEB790D007C8CD4 /* ProjectStructure */,
			);
			name = ProjectStructure;
			productName = ProjectStructure;
			productReference = AFB7AB192CEB790D007C8CD4 /* ProjectStructure.app */;
			productType = "com.apple.product-type.application";
		};
/* End PBXNativeTarget section */

/* Begin PBXProject section */
		AFB7AB112CEB790D007C8CD4 /* Project object */ = {
			isa = PBXProject;
			attributes = {
				BuildIndependentTargetsInParallel = 1;
				LastSwiftUpdateCheck = 1600;
				LastUpgradeCheck = 1600;
				TargetAttributes = {
					AFB7AB182CEB790D007C8CD4 = {
						CreatedOnToolsVersion = 16.0;
					};
				};
			};
			buildConfigurationList = AFB7AB142CEB790D007C8CD4 /* Build configuration list for PBXProject "ProjectStructure" */;
			developmentRegion = en;
			hasScannedForEncodings = 0;
			knownRegions = (
				en,
				Base,
				vi,
				da,
			);
			mainGroup = AFB7AB102CEB790D007C8CD4;
			minimizedProjectReferenceProxies = 1;
			packageReferences = (
				AF073AC12DF71A920077DB7B /* XCRemoteSwiftPackageReference "SwiftUI-Introspect" */,
				AF073AC82DF71A9A0077DB7B /* XCRemoteSwiftPackageReference "EnvironmentOverrides" */,
			);
			preferredProjectObjectVersion = 77;
			productRefGroup = AFB7AB1A2CEB790D007C8CD4 /* Products */;
			projectDirPath = "";
			projectRoot = "";
			targets = (
				AFB7AB182CEB790D007C8CD4 /* ProjectStructure */,
			);
		};
/* End PBXProject section */

/* Begin PBXResourcesBuildPhase section */
		AFB7AB172CEB790D007C8CD4 /* Resources */ = {
			isa = PBXResourcesBuildPhase;
			buildActionMask = 2147483647;
			files = (
			);
			runOnlyForDeploymentPostprocessing = 0;
		};
/* End PBXResourcesBuildPhase section */

/* Begin PBXShellScriptBuildPhase section */
		AF2ECFAD2D809A520025B167 /* SwiftLint */ = {
			isa = PBXShellScriptBuildPhase;
			buildActionMask = 2147483647;
			files = (
			);
			inputFileListPaths = (
			);
			inputPaths = (
			);
			name = SwiftLint;
			outputFileListPaths = (
			);
			outputPaths = (
			);
			runOnlyForDeploymentPostprocessing = 0;
			shellPath = /bin/sh;
			shellScript = "export PATH=\"$PATH:/opt/homebrew/bin\"\n#alias swiftlint=\"/opt/homebrew/bin/swiftlint\"\n\nswiftlint\n\n# Update a temporary file so that Xcode recognizes the process as completed\ntouch \"$DERIVED_FILE_DIR/swiftlint.timestamp\"\n";
		};
		CC25B5ACE2F03D609714D23E /* [CP] Embed Pods Frameworks */ = {
			isa = PBXShellScriptBuildPhase;
			buildActionMask = 2147483647;
			files = (
			);
			inputFileListPaths = (
				"${PODS_ROOT}/Target Support Files/Pods-ProjectStructure/Pods-ProjectStructure-frameworks-${CONFIGURATION}-input-files.xcfilelist",
			);
			name = "[CP] Embed Pods Frameworks";
			outputFileListPaths = (
				"${PODS_ROOT}/Target Support Files/Pods-ProjectStructure/Pods-ProjectStructure-frameworks-${CONFIGURATION}-output-files.xcfilelist",
			);
			runOnlyForDeploymentPostprocessing = 0;
			shellPath = /bin/sh;
			shellScript = "\"${PODS_ROOT}/Target Support Files/Pods-ProjectStructure/Pods-ProjectStructure-frameworks.sh\"\n";
			showEnvVarsInLog = 0;
		};
		F1340CCA422C5BE1016C3D16 /* [CP] Check Pods Manifest.lock */ = {
			isa = PBXShellScriptBuildPhase;
			buildActionMask = 2147483647;
			files = (
			);
			inputFileListPaths = (
			);
			inputPaths = (
				"${PODS_PODFILE_DIR_PATH}/Podfile.lock",
				"${PODS_ROOT}/Manifest.lock",
			);
			name = "[CP] Check Pods Manifest.lock";
			outputFileListPaths = (
			);
			outputPaths = (
				"$(DERIVED_FILE_DIR)/Pods-ProjectStructure-checkManifestLockResult.txt",
			);
			runOnlyForDeploymentPostprocessing = 0;
			shellPath = /bin/sh;
			shellScript = "diff \"${PODS_PODFILE_DIR_PATH}/Podfile.lock\" \"${PODS_ROOT}/Manifest.lock\" > /dev/null\nif [ $? != 0 ] ; then\n    # print error to STDERR\n    echo \"error: The sandbox is not in sync with the Podfile.lock. Run 'pod install' or update your CocoaPods installation.\" >&2\n    exit 1\nfi\n# This output is used by Xcode 'outputs' to avoid re-running this script phase.\necho \"SUCCESS\" > \"${SCRIPT_OUTPUT_FILE_0}\"\n";
			showEnvVarsInLog = 0;
		};
/* End PBXShellScriptBuildPhase section */

/* Begin PBXSourcesBuildPhase section */
		AFB7AB152CEB790D007C8CD4 /* Sources */ = {
			isa = PBXSourcesBuildPhase;
			buildActionMask = 2147483647;
			files = (
			);
			runOnlyForDeploymentPostprocessing = 0;
		};
/* End PBXSourcesBuildPhase section */

/* Begin XCBuildConfiguration section */
		AF2ECB2B2D808E2D0025B167 /* Staging */ = {
			isa = XCBuildConfiguration;
			baseConfigurationReferenceAnchor = AFB7AB1B2CEB790D007C8CD4 /* ProjectStructure */;
			baseConfigurationReferenceRelativePath = Enviroments/Staging.xcconfig;
			buildSettings = {
				ALWAYS_SEARCH_USER_PATHS = NO;
				ASSETCATALOG_COMPILER_GENERATE_SWIFT_ASSET_SYMBOL_EXTENSIONS = YES;
				CLANG_ANALYZER_NONNULL = YES;
				CLANG_ANALYZER_NUMBER_OBJECT_CONVERSION = YES_AGGRESSIVE;
				CLANG_CXX_LANGUAGE_STANDARD = "gnu++20";
				CLANG_ENABLE_MODULES = YES;
				CLANG_ENABLE_OBJC_ARC = YES;
				CLANG_ENABLE_OBJC_WEAK = YES;
				CLANG_WARN_BLOCK_CAPTURE_AUTORELEASING = YES;
				CLANG_WARN_BOOL_CONVERSION = YES;
				CLANG_WARN_COMMA = YES;
				CLANG_WARN_CONSTANT_CONVERSION = YES;
				CLANG_WARN_DEPRECATED_OBJC_IMPLEMENTATIONS = YES;
				CLANG_WARN_DIRECT_OBJC_ISA_USAGE = YES_ERROR;
				CLANG_WARN_DOCUMENTATION_COMMENTS = YES;
				CLANG_WARN_EMPTY_BODY = YES;
				CLANG_WARN_ENUM_CONVERSION = YES;
				CLANG_WARN_INFINITE_RECURSION = YES;
				CLANG_WARN_INT_CONVERSION = YES;
				CLANG_WARN_NON_LITERAL_NULL_CONVERSION = YES;
				CLANG_WARN_OBJC_IMPLICIT_RETAIN_SELF = YES;
				CLANG_WARN_OBJC_LITERAL_CONVERSION = YES;
				CLANG_WARN_OBJC_ROOT_CLASS = YES_ERROR;
				CLANG_WARN_QUOTED_INCLUDE_IN_FRAMEWORK_HEADER = YES;
				CLANG_WARN_RANGE_LOOP_ANALYSIS = YES;
				CLANG_WARN_STRICT_PROTOTYPES = YES;
				CLANG_WARN_SUSPICIOUS_MOVE = YES;
				CLANG_WARN_UNGUARDED_AVAILABILITY = YES_AGGRESSIVE;
				CLANG_WARN_UNREACHABLE_CODE = YES;
				CLANG_WARN__DUPLICATE_METHOD_MATCH = YES;
				COPY_PHASE_STRIP = NO;
				DEBUG_INFORMATION_FORMAT = dwarf;
				ENABLE_STRICT_OBJC_MSGSEND = YES;
				ENABLE_TESTABILITY = YES;
				ENABLE_USER_SCRIPT_SANDBOXING = YES;
				GCC_C_LANGUAGE_STANDARD = gnu17;
				GCC_DYNAMIC_NO_PIC = NO;
				GCC_NO_COMMON_BLOCKS = YES;
				GCC_OPTIMIZATION_LEVEL = 0;
				GCC_PREPROCESSOR_DEFINITIONS = (
					"DEBUG=1",
					"$(inherited)",
				);
				GCC_WARN_64_TO_32_BIT_CONVERSION = YES;
				GCC_WARN_ABOUT_RETURN_TYPE = YES_ERROR;
				GCC_WARN_UNDECLARED_SELECTOR = YES;
				GCC_WARN_UNINITIALIZED_AUTOS = YES_AGGRESSIVE;
				GCC_WARN_UNUSED_FUNCTION = YES;
				GCC_WARN_UNUSED_VARIABLE = YES;
				IPHONEOS_DEPLOYMENT_TARGET = 18.0;
				LOCALIZATION_PREFERS_STRING_CATALOGS = YES;
				MTL_ENABLE_DEBUG_INFO = INCLUDE_SOURCE;
				MTL_FAST_MATH = YES;
				ONLY_ACTIVE_ARCH = YES;
				SDKROOT = iphoneos;
				SWIFT_ACTIVE_COMPILATION_CONDITIONS = "DEBUG $(inherited)";
				SWIFT_EMIT_LOC_STRINGS = YES;
				SWIFT_OPTIMIZATION_LEVEL = "-Onone";
			};
			name = Staging;
		};
		AF2ECB2C2D808E2D0025B167 /* Staging */ = {
			isa = XCBuildConfiguration;
			baseConfigurationReference = E395EE0C42E413A7C0811433 /* Pods-ProjectStructure.staging.xcconfig */;
			buildSettings = {
				ASSETCATALOG_COMPILER_APPICON_NAME = AppIcon;
				ASSETCATALOG_COMPILER_GENERATE_ASSET_SYMBOLS = NO;
				ASSETCATALOG_COMPILER_GENERATE_SWIFT_ASSET_SYMBOL_EXTENSIONS = NO;
				ASSETCATALOG_COMPILER_GLOBAL_ACCENT_COLOR_NAME = AccentColor;
				CODE_SIGN_STYLE = Automatic;
				CURRENT_PROJECT_VERSION = 1;
				DEVELOPMENT_ASSET_PATHS = "\"ProjectStructure/Preview Content\"";
				DEVELOPMENT_TEAM = JA7LR8633A;
				ENABLE_PREVIEWS = YES;
				ENABLE_USER_SCRIPT_SANDBOXING = NO;
				GENERATE_INFOPLIST_FILE = YES;
				INFOPLIST_FILE = ProjectStructure/Resources/Info.plist;
				INFOPLIST_KEY_CFBundleDisplayName = ProjectStructure;
				INFOPLIST_KEY_NSPhotoLibraryAddUsageDescription = "Request photo";
				INFOPLIST_KEY_NSPhotoLibraryUsageDescription = "Request photo";
				INFOPLIST_KEY_UIApplicationSceneManifest_Generation = YES;
				INFOPLIST_KEY_UIApplicationSupportsIndirectInputEvents = YES;
				INFOPLIST_KEY_UILaunchScreen_Generation = YES;
				INFOPLIST_KEY_UILaunchStoryboardName = LaunchScreen;
				INFOPLIST_KEY_UISupportedInterfaceOrientations_iPad = "UIInterfaceOrientationPortrait UIInterfaceOrientationPortraitUpsideDown UIInterfaceOrientationLandscapeLeft UIInterfaceOrientationLandscapeRight";
				INFOPLIST_KEY_UISupportedInterfaceOrientations_iPhone = "UIInterfaceOrientationPortrait UIInterfaceOrientationLandscapeLeft UIInterfaceOrientationLandscapeRight";
				IPHONEOS_DEPLOYMENT_TARGET = 15.0;
				LD_RUNPATH_SEARCH_PATHS = (
					"$(inherited)",
					"@executable_path/Frameworks",
				);
				MARKETING_VERSION = 1.0;
				PRODUCT_BUNDLE_IDENTIFIER = nts.sixblack.ProjectStructure;
				PRODUCT_NAME = "$(TARGET_NAME)";
				SWIFT_EMIT_LOC_STRINGS = YES;
				SWIFT_VERSION = 5.0;
				TARGETED_DEVICE_FAMILY = "1,2";
			};
			name = Staging;
		};
		AFB7AB252CEB790E007C8CD4 /* Dev */ = {
			isa = XCBuildConfiguration;
			baseConfigurationReferenceAnchor = AFB7AB1B2CEB790D007C8CD4 /* ProjectStructure */;
			baseConfigurationReferenceRelativePath = Enviroments/Dev.xcconfig;
			buildSettings = {
				ALWAYS_SEARCH_USER_PATHS = NO;
				ASSETCATALOG_COMPILER_GENERATE_SWIFT_ASSET_SYMBOL_EXTENSIONS = YES;
				CLANG_ANALYZER_NONNULL = YES;
				CLANG_ANALYZER_NUMBER_OBJECT_CONVERSION = YES_AGGRESSIVE;
				CLANG_CXX_LANGUAGE_STANDARD = "gnu++20";
				CLANG_ENABLE_MODULES = YES;
				CLANG_ENABLE_OBJC_ARC = YES;
				CLANG_ENABLE_OBJC_WEAK = YES;
				CLANG_WARN_BLOCK_CAPTURE_AUTORELEASING = YES;
				CLANG_WARN_BOOL_CONVERSION = YES;
				CLANG_WARN_COMMA = YES;
				CLANG_WARN_CONSTANT_CONVERSION = YES;
				CLANG_WARN_DEPRECATED_OBJC_IMPLEMENTATIONS = YES;
				CLANG_WARN_DIRECT_OBJC_ISA_USAGE = YES_ERROR;
				CLANG_WARN_DOCUMENTATION_COMMENTS = YES;
				CLANG_WARN_EMPTY_BODY = YES;
				CLANG_WARN_ENUM_CONVERSION = YES;
				CLANG_WARN_INFINITE_RECURSION = YES;
				CLANG_WARN_INT_CONVERSION = YES;
				CLANG_WARN_NON_LITERAL_NULL_CONVERSION = YES;
				CLANG_WARN_OBJC_IMPLICIT_RETAIN_SELF = YES;
				CLANG_WARN_OBJC_LITERAL_CONVERSION = YES;
				CLANG_WARN_OBJC_ROOT_CLASS = YES_ERROR;
				CLANG_WARN_QUOTED_INCLUDE_IN_FRAMEWORK_HEADER = YES;
				CLANG_WARN_RANGE_LOOP_ANALYSIS = YES;
				CLANG_WARN_STRICT_PROTOTYPES = YES;
				CLANG_WARN_SUSPICIOUS_MOVE = YES;
				CLANG_WARN_UNGUARDED_AVAILABILITY = YES_AGGRESSIVE;
				CLANG_WARN_UNREACHABLE_CODE = YES;
				CLANG_WARN__DUPLICATE_METHOD_MATCH = YES;
				COPY_PHASE_STRIP = NO;
				DEBUG_INFORMATION_FORMAT = dwarf;
				ENABLE_STRICT_OBJC_MSGSEND = YES;
				ENABLE_TESTABILITY = YES;
				ENABLE_USER_SCRIPT_SANDBOXING = YES;
				GCC_C_LANGUAGE_STANDARD = gnu17;
				GCC_DYNAMIC_NO_PIC = NO;
				GCC_NO_COMMON_BLOCKS = YES;
				GCC_OPTIMIZATION_LEVEL = 0;
				GCC_PREPROCESSOR_DEFINITIONS = (
					"DEBUG=1",
					"$(inherited)",
				);
				GCC_WARN_64_TO_32_BIT_CONVERSION = YES;
				GCC_WARN_ABOUT_RETURN_TYPE = YES_ERROR;
				GCC_WARN_UNDECLARED_SELECTOR = YES;
				GCC_WARN_UNINITIALIZED_AUTOS = YES_AGGRESSIVE;
				GCC_WARN_UNUSED_FUNCTION = YES;
				GCC_WARN_UNUSED_VARIABLE = YES;
				IPHONEOS_DEPLOYMENT_TARGET = 18.0;
				LOCALIZATION_PREFERS_STRING_CATALOGS = YES;
				MTL_ENABLE_DEBUG_INFO = INCLUDE_SOURCE;
				MTL_FAST_MATH = YES;
				ONLY_ACTIVE_ARCH = YES;
				SDKROOT = iphoneos;
				SWIFT_ACTIVE_COMPILATION_CONDITIONS = "DEBUG $(inherited)";
				SWIFT_EMIT_LOC_STRINGS = YES;
				SWIFT_OPTIMIZATION_LEVEL = "-Onone";
			};
			name = Dev;
		};
		AFB7AB262CEB790E007C8CD4 /* Release */ = {
			isa = XCBuildConfiguration;
			baseConfigurationReferenceAnchor = AFB7AB1B2CEB790D007C8CD4 /* ProjectStructure */;
			baseConfigurationReferenceRelativePath = Enviroments/Release.xcconfig;
			buildSettings = {
				ALWAYS_SEARCH_USER_PATHS = NO;
				ASSETCATALOG_COMPILER_GENERATE_SWIFT_ASSET_SYMBOL_EXTENSIONS = YES;
				CLANG_ANALYZER_NONNULL = YES;
				CLANG_ANALYZER_NUMBER_OBJECT_CONVERSION = YES_AGGRESSIVE;
				CLANG_CXX_LANGUAGE_STANDARD = "gnu++20";
				CLANG_ENABLE_MODULES = YES;
				CLANG_ENABLE_OBJC_ARC = YES;
				CLANG_ENABLE_OBJC_WEAK = YES;
				CLANG_WARN_BLOCK_CAPTURE_AUTORELEASING = YES;
				CLANG_WARN_BOOL_CONVERSION = YES;
				CLANG_WARN_COMMA = YES;
				CLANG_WARN_CONSTANT_CONVERSION = YES;
				CLANG_WARN_DEPRECATED_OBJC_IMPLEMENTATIONS = YES;
				CLANG_WARN_DIRECT_OBJC_ISA_USAGE = YES_ERROR;
				CLANG_WARN_DOCUMENTATION_COMMENTS = YES;
				CLANG_WARN_EMPTY_BODY = YES;
				CLANG_WARN_ENUM_CONVERSION = YES;
				CLANG_WARN_INFINITE_RECURSION = YES;
				CLANG_WARN_INT_CONVERSION = YES;
				CLANG_WARN_NON_LITERAL_NULL_CONVERSION = YES;
				CLANG_WARN_OBJC_IMPLICIT_RETAIN_SELF = YES;
				CLANG_WARN_OBJC_LITERAL_CONVERSION = YES;
				CLANG_WARN_OBJC_ROOT_CLASS = YES_ERROR;
				CLANG_WARN_QUOTED_INCLUDE_IN_FRAMEWORK_HEADER = YES;
				CLANG_WARN_RANGE_LOOP_ANALYSIS = YES;
				CLANG_WARN_STRICT_PROTOTYPES = YES;
				CLANG_WARN_SUSPICIOUS_MOVE = YES;
				CLANG_WARN_UNGUARDED_AVAILABILITY = YES_AGGRESSIVE;
				CLANG_WARN_UNREACHABLE_CODE = YES;
				CLANG_WARN__DUPLICATE_METHOD_MATCH = YES;
				COPY_PHASE_STRIP = NO;
				DEBUG_INFORMATION_FORMAT = "dwarf-with-dsym";
				ENABLE_NS_ASSERTIONS = NO;
				ENABLE_STRICT_OBJC_MSGSEND = YES;
				ENABLE_USER_SCRIPT_SANDBOXING = YES;
				GCC_C_LANGUAGE_STANDARD = gnu17;
				GCC_NO_COMMON_BLOCKS = YES;
				GCC_WARN_64_TO_32_BIT_CONVERSION = YES;
				GCC_WARN_ABOUT_RETURN_TYPE = YES_ERROR;
				GCC_WARN_UNDECLARED_SELECTOR = YES;
				GCC_WARN_UNINITIALIZED_AUTOS = YES_AGGRESSIVE;
				GCC_WARN_UNUSED_FUNCTION = YES;
				GCC_WARN_UNUSED_VARIABLE = YES;
				IPHONEOS_DEPLOYMENT_TARGET = 18.0;
				LOCALIZATION_PREFERS_STRING_CATALOGS = YES;
				MTL_ENABLE_DEBUG_INFO = NO;
				MTL_FAST_MATH = YES;
				SDKROOT = iphoneos;
				SWIFT_COMPILATION_MODE = wholemodule;
				SWIFT_EMIT_LOC_STRINGS = YES;
				VALIDATE_PRODUCT = YES;
			};
			name = Release;
		};
		AFB7AB282CEB790E007C8CD4 /* Dev */ = {
			isa = XCBuildConfiguration;
			baseConfigurationReference = 94A325124AF7C15D4CB1CDF5 /* Pods-ProjectStructure.dev.xcconfig */;
			buildSettings = {
				ASSETCATALOG_COMPILER_APPICON_NAME = AppIcon;
				ASSETCATALOG_COMPILER_GENERATE_ASSET_SYMBOLS = NO;
				ASSETCATALOG_COMPILER_GENERATE_SWIFT_ASSET_SYMBOL_EXTENSIONS = NO;
				ASSETCATALOG_COMPILER_GLOBAL_ACCENT_COLOR_NAME = AccentColor;
				CODE_SIGN_STYLE = Automatic;
				CURRENT_PROJECT_VERSION = 1;
				DEVELOPMENT_ASSET_PATHS = "\"ProjectStructure/Preview Content\"";
				DEVELOPMENT_TEAM = JA7LR8633A;
				ENABLE_PREVIEWS = YES;
				ENABLE_USER_SCRIPT_SANDBOXING = NO;
				GENERATE_INFOPLIST_FILE = YES;
				INFOPLIST_FILE = ProjectStructure/Resources/Info.plist;
				INFOPLIST_KEY_CFBundleDisplayName = "Dev-ProjectStructure";
				INFOPLIST_KEY_NSPhotoLibraryAddUsageDescription = "Request photo";
				INFOPLIST_KEY_NSPhotoLibraryUsageDescription = "Request photo";
				INFOPLIST_KEY_UIApplicationSceneManifest_Generation = YES;
				INFOPLIST_KEY_UIApplicationSupportsIndirectInputEvents = YES;
				INFOPLIST_KEY_UILaunchScreen_Generation = YES;
				INFOPLIST_KEY_UILaunchStoryboardName = LaunchScreen;
				INFOPLIST_KEY_UISupportedInterfaceOrientations_iPad = "UIInterfaceOrientationPortrait UIInterfaceOrientationPortraitUpsideDown UIInterfaceOrientationLandscapeLeft UIInterfaceOrientationLandscapeRight";
				INFOPLIST_KEY_UISupportedInterfaceOrientations_iPhone = "UIInterfaceOrientationPortrait UIInterfaceOrientationLandscapeLeft UIInterfaceOrientationLandscapeRight";
				IPHONEOS_DEPLOYMENT_TARGET = 15.0;
				LD_RUNPATH_SEARCH_PATHS = (
					"$(inherited)",
					"@executable_path/Frameworks",
				);
				MARKETING_VERSION = 1.0;
				PRODUCT_BUNDLE_IDENTIFIER = nts.sixblack.ProjectStructure;
				PRODUCT_NAME = "$(TARGET_NAME)";
				SWIFT_EMIT_LOC_STRINGS = YES;
				SWIFT_VERSION = 5.0;
				TARGETED_DEVICE_FAMILY = "1,2";
			};
			name = Dev;
		};
		AFB7AB292CEB790E007C8CD4 /* Release */ = {
			isa = XCBuildConfiguration;
			baseConfigurationReference = 8097CECD2DA0111DA076188D /* Pods-ProjectStructure.release.xcconfig */;
			buildSettings = {
				ASSETCATALOG_COMPILER_APPICON_NAME = AppIcon;
				ASSETCATALOG_COMPILER_GENERATE_ASSET_SYMBOLS = NO;
				ASSETCATALOG_COMPILER_GENERATE_SWIFT_ASSET_SYMBOL_EXTENSIONS = NO;
				ASSETCATALOG_COMPILER_GLOBAL_ACCENT_COLOR_NAME = AccentColor;
				CODE_SIGN_STYLE = Automatic;
				CURRENT_PROJECT_VERSION = 1;
				DEVELOPMENT_ASSET_PATHS = "\"ProjectStructure/Preview Content\"";
				DEVELOPMENT_TEAM = JA7LR8633A;
				ENABLE_PREVIEWS = YES;
				ENABLE_USER_SCRIPT_SANDBOXING = NO;
				GENERATE_INFOPLIST_FILE = YES;
				INFOPLIST_FILE = ProjectStructure/Resources/Info.plist;
				INFOPLIST_KEY_CFBundleDisplayName = "Staging-ProjectStructure";
				INFOPLIST_KEY_NSPhotoLibraryAddUsageDescription = "Request photo";
				INFOPLIST_KEY_NSPhotoLibraryUsageDescription = "Request photo";
				INFOPLIST_KEY_UIApplicationSceneManifest_Generation = YES;
				INFOPLIST_KEY_UIApplicationSupportsIndirectInputEvents = YES;
				INFOPLIST_KEY_UILaunchScreen_Generation = YES;
				INFOPLIST_KEY_UILaunchStoryboardName = LaunchScreen;
				INFOPLIST_KEY_UISupportedInterfaceOrientations_iPad = "UIInterfaceOrientationPortrait UIInterfaceOrientationPortraitUpsideDown UIInterfaceOrientationLandscapeLeft UIInterfaceOrientationLandscapeRight";
				INFOPLIST_KEY_UISupportedInterfaceOrientations_iPhone = "UIInterfaceOrientationPortrait UIInterfaceOrientationLandscapeLeft UIInterfaceOrientationLandscapeRight";
				IPHONEOS_DEPLOYMENT_TARGET = 15.0;
				LD_RUNPATH_SEARCH_PATHS = (
					"$(inherited)",
					"@executable_path/Frameworks",
				);
				MARKETING_VERSION = 1.0;
				PRODUCT_BUNDLE_IDENTIFIER = nts.sixblack.ProjectStructure;
				PRODUCT_NAME = "$(TARGET_NAME)";
				SWIFT_EMIT_LOC_STRINGS = YES;
				SWIFT_VERSION = 5.0;
				TARGETED_DEVICE_FAMILY = "1,2";
			};
			name = Release;
		};
/* End XCBuildConfiguration section */

/* Begin XCConfigurationList section */
		AFB7AB142CEB790D007C8CD4 /* Build configuration list for PBXProject "ProjectStructure" */ = {
			isa = XCConfigurationList;
			buildConfigurations = (
				AFB7AB252CEB790E007C8CD4 /* Dev */,
				AF2ECB2B2D808E2D0025B167 /* Staging */,
				AFB7AB262CEB790E007C8CD4 /* Release */,
			);
			defaultConfigurationIsVisible = 0;
			defaultConfigurationName = Release;
		};
		AFB7AB272CEB790E007C8CD4 /* Build configuration list for PBXNativeTarget "ProjectStructure" */ = {
			isa = XCConfigurationList;
			buildConfigurations = (
				AFB7AB282CEB790E007C8CD4 /* Dev */,
				AF2ECB2C2D808E2D0025B167 /* Staging */,
				AFB7AB292CEB790E007C8CD4 /* Release */,
			);
			defaultConfigurationIsVisible = 0;
			defaultConfigurationName = Release;
		};
/* End XCConfigurationList section */

/* Begin XCRemoteSwiftPackageReference section */
		AF073AC12DF71A920077DB7B /* XCRemoteSwiftPackageReference "SwiftUI-Introspect" */ = {
			isa = XCRemoteSwiftPackageReference;
			repositoryURL = "https://github.com/siteline/SwiftUI-Introspect";
			requirement = {
				kind = upToNextMajorVersion;
				minimumVersion = 1.3.0;
			};
		};
		AF073AC82DF71A9A0077DB7B /* XCRemoteSwiftPackageReference "EnvironmentOverrides" */ = {
			isa = XCRemoteSwiftPackageReference;
			repositoryURL = "https://github.com/nalexn/EnvironmentOverrides";
			requirement = {
				kind = upToNextMajorVersion;
				minimumVersion = 0.0.4;
			};
		};
/* End XCRemoteSwiftPackageReference section */

/* Begin XCSwiftPackageProductDependency section */
		AF073AC22DF71A920077DB7B /* SwiftUIIntrospect */ = {
			isa = XCSwiftPackageProductDependency;
			package = AF073AC12DF71A920077DB7B /* XCRemoteSwiftPackageReference "SwiftUI-Introspect" */;
			productName = SwiftUIIntrospect;
		};
		AF073AC42DF71A920077DB7B /* SwiftUIIntrospect-Dynamic */ = {
			isa = XCSwiftPackageProductDependency;
			package = AF073AC12DF71A920077DB7B /* XCRemoteSwiftPackageReference "SwiftUI-Introspect" */;
			productName = "SwiftUIIntrospect-Dynamic";
		};
		AF073AC62DF71A920077DB7B /* SwiftUIIntrospect-Static */ = {
			isa = XCSwiftPackageProductDependency;
			package = AF073AC12DF71A920077DB7B /* XCRemoteSwiftPackageReference "SwiftUI-Introspect" */;
			productName = "SwiftUIIntrospect-Static";
		};
		AF073AC92DF71A9A0077DB7B /* EnvironmentOverrides */ = {
			isa = XCSwiftPackageProductDependency;
			package = AF073AC82DF71A9A0077DB7B /* XCRemoteSwiftPackageReference "EnvironmentOverrides" */;
			productName = EnvironmentOverrides;
		};
/* End XCSwiftPackageProductDependency section */
	};
	rootObject = AFB7AB112CEB790D007C8CD4 /* Project object */;
}
